
Microsoft Visual Studio Solution File, Format Version 12.00
# Visual Studio 15
Project("{FAE04EC0-301F-11D3-BF4B-00C04F79EFBC}") = "AoV_Simulator", "Assembly-CSharp.csproj", "{879EDC31-D38B-3861-2586-044FA88C146F}"
EndProject
Global
	GlobalSection(SolutionConfigurationPlatforms) = preSolution
		Debug|Any CPU = Debug|Any CPU
		Release|Any CPU = Release|Any CPU
	EndGlobalSection
	GlobalSection(ProjectConfigurationPlatforms) = postSolution
		{879EDC31-D38B-3861-2586-044FA88C146F}.Debug|Any CPU.ActiveCfg = Debug|Any CPU
		{879EDC31-D38B-3861-2586-044FA88C146F}.Debug|Any CPU.Build.0 = Debug|Any CPU
		{879EDC31-D38B-3861-2586-044FA88C146F}.Release|Any CPU.ActiveCfg = Release|Any CPU
		{879EDC31-D38B-3861-2586-044FA88C146F}.Release|Any CPU.Build.0 = Release|Any CPU
	EndGlobalSection
	GlobalSection(SolutionProperties) = preSolution
		HideSolutionNode = FALSE
	EndGlobalSection
EndGlobal
